
Microsoft Visual Studio Solution File, Format Version 12.00
# Visual Studio Version 16
VisualStudioVersion = 16.0.33214.272
MinimumVisualStudioVersion = 10.0.40219.1
Project("{FAE04EC0-301F-11D3-BF4B-00C04F79EFBC}") = "Utility", "FileSync\Utility.csproj", "{3DF7D9A7-6B7B-4DEB-BF2A-3A616D84204E}"
EndProject
Project("{FAE04EC0-301F-11D3-BF4B-00C04F79EFBC}") = "CloudService", "CloudService\CloudService.csproj", "{F4D77C5B-602D-495C-892D-8D0CC6A98313}"
EndProject
Project("{FAE04EC0-301F-11D3-BF4B-00C04F79EFBC}") = "GoogleCloudService", "GoogleCloudService\GoogleCloudService.csproj", "{12F9DD17-1526-4689-9D57-17D4504D1810}"
EndProject
Global
	GlobalSection(SolutionConfigurationPlatforms) = preSolution
		Debug|Any CPU = Debug|Any CPU
		Debug|ARM = Debug|ARM
		Debug|ARM64 = Debug|ARM64
		Debug|x64 = Debug|x64
		Debug|x86 = Debug|x86
		Release|Any CPU = Release|Any CPU
		Release|ARM = Release|ARM
		Release|ARM64 = Release|ARM64
		Release|x64 = Release|x64
		Release|x86 = Release|x86
	EndGlobalSection
	GlobalSection(ProjectConfigurationPlatforms) = postSolution
		{3DF7D9A7-6B7B-4DEB-BF2A-3A616D84204E}.Debug|Any CPU.ActiveCfg = Debug|Any CPU
		{3DF7D9A7-6B7B-4DEB-BF2A-3A616D84204E}.Debug|Any CPU.Build.0 = Debug|Any CPU
		{3DF7D9A7-6B7B-4DEB-BF2A-3A616D84204E}.Debug|ARM.ActiveCfg = Debug|Any CPU
		{3DF7D9A7-6B7B-4DEB-BF2A-3A616D84204E}.Debug|ARM.Build.0 = Debug|Any CPU
		{3DF7D9A7-6B7B-4DEB-BF2A-3A616D84204E}.Debug|ARM64.ActiveCfg = Debug|Any CPU
		{3DF7D9A7-6B7B-4DEB-BF2A-3A616D84204E}.Debug|ARM64.Build.0 = Debug|Any CPU
		{3DF7D9A7-6B7B-4DEB-BF2A-3A616D84204E}.Debug|x64.ActiveCfg = Debug|Any CPU
		{3DF7D9A7-6B7B-4DEB-BF2A-3A616D84204E}.Debug|x64.Build.0 = Debug|Any CPU
		{3DF7D9A7-6B7B-4DEB-BF2A-3A616D84204E}.Debug|x86.ActiveCfg = Debug|Any CPU
		{3DF7D9A7-6B7B-4DEB-BF2A-3A616D84204E}.Debug|x86.Build.0 = Debug|Any CPU
		{3DF7D9A7-6B7B-4DEB-BF2A-3A616D84204E}.Release|Any CPU.ActiveCfg = Release|Any CPU
		{3DF7D9A7-6B7B-4DEB-BF2A-3A616D84204E}.Release|Any CPU.Build.0 = Release|Any CPU
		{3DF7D9A7-6B7B-4DEB-BF2A-3A616D84204E}.Release|ARM.ActiveCfg = Release|Any CPU
		{3DF7D9A7-6B7B-4DEB-BF2A-3A616D84204E}.Release|ARM.Build.0 = Release|Any CPU
		{3DF7D9A7-6B7B-4DEB-BF2A-3A616D84204E}.Release|ARM64.ActiveCfg = Release|Any CPU
		{3DF7D9A7-6B7B-4DEB-BF2A-3A616D84204E}.Release|ARM64.Build.0 = Release|Any CPU
		{3DF7D9A7-6B7B-4DEB-BF2A-3A616D84204E}.Release|x64.ActiveCfg = Release|Any CPU
		{3DF7D9A7-6B7B-4DEB-BF2A-3A616D84204E}.Release|x64.Build.0 = Release|Any CPU
		{3DF7D9A7-6B7B-4DEB-BF2A-3A616D84204E}.Release|x86.ActiveCfg = Release|Any CPU
		{3DF7D9A7-6B7B-4DEB-BF2A-3A616D84204E}.Release|x86.Build.0 = Release|Any CPU
		{F4D77C5B-602D-495C-892D-8D0CC6A98313}.Debug|Any CPU.ActiveCfg = Debug|Any CPU
		{F4D77C5B-602D-495C-892D-8D0CC6A98313}.Debug|Any CPU.Build.0 = Debug|Any CPU
		{F4D77C5B-602D-495C-892D-8D0CC6A98313}.Debug|ARM.ActiveCfg = Debug|Any CPU
		{F4D77C5B-602D-495C-892D-8D0CC6A98313}.Debug|ARM.Build.0 = Debug|Any CPU
		{F4D77C5B-602D-495C-892D-8D0CC6A98313}.Debug|ARM64.ActiveCfg = Debug|Any CPU
		{F4D77C5B-602D-495C-892D-8D0CC6A98313}.Debug|ARM64.Build.0 = Debug|Any CPU
		{F4D77C5B-602D-495C-892D-8D0CC6A98313}.Debug|x64.ActiveCfg = Debug|Any CPU
		{F4D77C5B-602D-495C-892D-8D0CC6A98313}.Debug|x64.Build.0 = Debug|Any CPU
		{F4D77C5B-602D-495C-892D-8D0CC6A98313}.Debug|x86.ActiveCfg = Debug|Any CPU
		{F4D77C5B-602D-495C-892D-8D0CC6A98313}.Debug|x86.Build.0 = Debug|Any CPU
		{F4D77C5B-602D-495C-892D-8D0CC6A98313}.Release|Any CPU.ActiveCfg = Release|Any CPU
		{F4D77C5B-602D-495C-892D-8D0CC6A98313}.Release|Any CPU.Build.0 = Release|Any CPU
		{F4D77C5B-602D-495C-892D-8D0CC6A98313}.Release|ARM.ActiveCfg = Release|Any CPU
		{F4D77C5B-602D-495C-892D-8D0CC6A98313}.Release|ARM.Build.0 = Release|Any CPU
		{F4D77C5B-602D-495C-892D-8D0CC6A98313}.Release|ARM64.ActiveCfg = Release|Any CPU
		{F4D77C5B-602D-495C-892D-8D0CC6A98313}.Release|ARM64.Build.0 = Release|Any CPU
		{F4D77C5B-602D-495C-892D-8D0CC6A98313}.Release|x64.ActiveCfg = Release|Any CPU
		{F4D77C5B-602D-495C-892D-8D0CC6A98313}.Release|x64.Build.0 = Release|Any CPU
		{F4D77C5B-602D-495C-892D-8D0CC6A98313}.Release|x86.ActiveCfg = Release|Any CPU
		{F4D77C5B-602D-495C-892D-8D0CC6A98313}.Release|x86.Build.0 = Release|Any CPU
		{12F9DD17-1526-4689-9D57-17D4504D1810}.Debug|Any CPU.ActiveCfg = Debug|Any CPU
		{12F9DD17-1526-4689-9D57-17D4504D1810}.Debug|Any CPU.Build.0 = Debug|Any CPU
		{12F9DD17-1526-4689-9D57-17D4504D1810}.Debug|ARM.ActiveCfg = Debug|Any CPU
		{12F9DD17-1526-4689-9D57-17D4504D1810}.Debug|ARM.Build.0 = Debug|Any CPU
		{12F9DD17-1526-4689-9D57-17D4504D1810}.Debug|ARM64.ActiveCfg = Debug|Any CPU
		{12F9DD17-1526-4689-9D57-17D4504D1810}.Debug|ARM64.Build.0 = Debug|Any CPU
		{12F9DD17-1526-4689-9D57-17D4504D1810}.Debug|x64.ActiveCfg = Debug|Any CPU
		{12F9DD17-1526-4689-9D57-17D4504D1810}.Debug|x64.Build.0 = Debug|Any CPU
		{12F9DD17-1526-4689-9D57-17D4504D1810}.Debug|x86.ActiveCfg = Debug|Any CPU
		{12F9DD17-1526-4689-9D57-17D4504D1810}.Debug|x86.Build.0 = Debug|Any CPU
		{12F9DD17-1526-4689-9D57-17D4504D1810}.Release|Any CPU.ActiveCfg = Release|Any CPU
		{12F9DD17-1526-4689-9D57-17D4504D1810}.Release|Any CPU.Build.0 = Release|Any CPU
		{12F9DD17-1526-4689-9D57-17D4504D1810}.Release|ARM.ActiveCfg = Release|Any CPU
		{12F9DD17-1526-4689-9D57-17D4504D1810}.Release|ARM.Build.0 = Release|Any CPU
		{12F9DD17-1526-4689-9D57-17D4504D1810}.Release|ARM64.ActiveCfg = Release|Any CPU
		{12F9DD17-1526-4689-9D57-17D4504D1810}.Release|ARM64.Build.0 = Release|Any CPU
		{12F9DD17-1526-4689-9D57-17D4504D1810}.Release|x64.ActiveCfg = Release|Any CPU
		{12F9DD17-1526-4689-9D57-17D4504D1810}.Release|x64.Build.0 = Release|Any CPU
		{12F9DD17-1526-4689-9D57-17D4504D1810}.Release|x86.ActiveCfg = Release|Any CPU
		{12F9DD17-1526-4689-9D57-17D4504D1810}.Release|x86.Build.0 = Release|Any CPU
	EndGlobalSection
	GlobalSection(SolutionProperties) = preSolution
		HideSolutionNode = FALSE
	EndGlobalSection
	GlobalSection(ExtensibilityGlobals) = postSolution
		SolutionGuid = {9DA21F92-53F1-48EA-8E56-FBA2D3106A2D}
	EndGlobalSection
EndGlobal
